
Microsoft Visual Studio Solution File, Format Version 12.00
Project("{2150E333-8FDC-42A3-9474-1A3956D46DE8}") = "repo", "repo", "{A22AFCB5-6D76-49F7-85EE-7B989764D5B4}"
	ProjectSection(SolutionItems) = preProject
		paket.dependencies = paket.dependencies
		README.md = README.md
		.editorconfig = .editorconfig
		.config/dotnet-tools.json = .config/dotnet-tools.json
		.gitignore = .gitignore
	EndProjectSection
EndProject
Project("{F2A71F9B-5D33-465A-A702-920D77279786}") = "Vm1", "src\Vm1\Vm1.fsproj", "{3C5C0224-913B-41E8-AA9E-782D987A6299}"
EndProject
Project("{2150E333-8FDC-42A3-9474-1A3956D46DE8}") = "vimfiles", "vimfiles", "{B0F1AB1E-DB46-4425-8A21-6FC7D19C13AB}"
	ProjectSection(SolutionItems) = preProject
		vimfiles/core.vim = vimfiles/core.vim
	EndProjectSection
EndProject
Global
	GlobalSection(SolutionConfigurationPlatforms) = preSolution
		Debug|Any CPU = Debug|Any CPU
		Release|Any CPU = Release|Any CPU
	EndGlobalSection
	GlobalSection(ProjectConfigurationPlatforms) = postSolution
		{3C5C0224-913B-41E8-AA9E-782D987A6299}.Debug|Any CPU.ActiveCfg = Debug|Any CPU
		{3C5C0224-913B-41E8-AA9E-782D987A6299}.Debug|Any CPU.Build.0 = Debug|Any CPU
		{3C5C0224-913B-41E8-AA9E-782D987A6299}.Release|Any CPU.ActiveCfg = Release|Any CPU
		{3C5C0224-913B-41E8-AA9E-782D987A6299}.Release|Any CPU.Build.0 = Release|Any CPU
	EndGlobalSection
EndGlobal
